// !$*UTF8*$!
{
	archiveVersion = 1;
	classes = {
	};
	objectVersion = 46;
	objects = {

/* Begin PBXBuildFile section */
		D622EA741D3789D4002EDA78 /* error@2x.png in Resources */ = {isa = PBXBuildFile; fileRef = D622EA731D3789D4002EDA78 /* error@2x.png */; };
		D63A0A911D52E698000F78E6 /* DSLViewMessageManager.m in Sources */ = {isa = PBXBuildFile; fileRef = D63A0A901D52E698000F78E6 /* DSLViewMessageManager.m */; };
		DD1176991D39F2C3009EC045 /* DSLIndicator.m in Sources */ = {isa = PBXBuildFile; fileRef = DD1176981D39F2C3009EC045 /* DSLIndicator.m */; };
		DD3EAC971D36952F00632982 /* main.m in Sources */ = {isa = PBXBuildFile; fileRef = DD3EAC961D36952F00632982 /* main.m */; };
		DD3EAC9A1D36952F00632982 /* AppDelegate.m in Sources */ = {isa = PBXBuildFile; fileRef = DD3EAC991D36952F00632982 /* AppDelegate.m */; };
		DD3EAC9D1D36952F00632982 /* ViewController.m in Sources */ = {isa = PBXBuildFile; fileRef = DD3EAC9C1D36952F00632982 /* ViewController.m */; };
		DD3EACA01D36952F00632982 /* Main.storyboard in Resources */ = {isa = PBXBuildFile; fileRef = DD3EAC9E1D36952F00632982 /* Main.storyboard */; };
		DD3EACA21D36952F00632982 /* Assets.xcassets in Resources */ = {isa = PBXBuildFile; fileRef = DD3EACA11D36952F00632982 /* Assets.xcassets */; };
		DD3EACA51D36952F00632982 /* LaunchScreen.storyboard in Resources */ = {isa = PBXBuildFile; fileRef = DD3EACA31D36952F00632982 /* LaunchScreen.storyboard */; };
		DD3EACB01D36952F00632982 /* DSLViewMessageTests.m in Sources */ = {isa = PBXBuildFile; fileRef = DD3EACAF1D36952F00632982 /* DSLViewMessageTests.m */; };
		DD3EACBB1D36952F00632982 /* DSLViewMessageUITests.m in Sources */ = {isa = PBXBuildFile; fileRef = DD3EACBA1D36952F00632982 /* DSLViewMessageUITests.m */; };
		DD3EACCB1D36959200632982 /* UIView+DSLMessage.m in Sources */ = {isa = PBXBuildFile; fileRef = DD3EACCA1D36959200632982 /* UIView+DSLMessage.m */; };
/* End PBXBuildFile section */

/* Begin PBXContainerItemProxy section */
		DD3EACAC1D36952F00632982 /* PBXContainerItemProxy */ = {
			isa = PBXContainerItemProxy;
			containerPortal = DD3EAC8A1D36952F00632982 /* Project object */;
			proxyType = 1;
			remoteGlobalIDString = DD3EAC911D36952F00632982;
			remoteInfo = DSLViewMessage;
		};
		DD3EACB71D36952F00632982 /* PBXContainerItemProxy */ = {
			isa = PBXContainerItemProxy;
			containerPortal = DD3EAC8A1D36952F00632982 /* Project object */;
			proxyType = 1;
			remoteGlobalIDString = DD3EAC911D36952F00632982;
			remoteInfo = DSLViewMessage;
		};
/* End PBXContainerItemProxy section */

/* Begin PBXFileReference section */
		D622EA731D3789D4002EDA78 /* error@2x.png */ = {isa = PBXFileReference; lastKnownFileType = image.png; path = "error@2x.png"; sourceTree = "<group>"; };
		D63A0A8F1D52E698000F78E6 /* DSLViewMessageManager.h */ = {isa = PBXFileReference; fileEncoding = 4; lastKnownFileType = sourcecode.c.h; path = DSLViewMessageManager.h; sourceTree = "<group>"; };
		D63A0A901D52E698000F78E6 /* DSLViewMessageManager.m */ = {isa = PBXFileReference; fileEncoding = 4; lastKnownFileType = sourcecode.c.objc; path = DSLViewMessageManager.m; sourceTree = "<group>"; };
		DD1176971D39F2C3009EC045 /* DSLIndicator.h */ = {isa = PBXFileReference; fileEncoding = 4; lastKnownFileType = sourcecode.c.h; path = DSLIndicator.h; sourceTree = "<group>"; };
		DD1176981D39F2C3009EC045 /* DSLIndicator.m */ = {isa = PBXFileReference; fileEncoding = 4; lastKnownFileType = sourcecode.c.objc; path = DSLIndicator.m; sourceTree = "<group>"; };
		DD3EAC921D36952F00632982 /* DSLViewMessage.app */ = {isa = PBXFileReference; explicitFileType = wrapper.application; includeInIndex = 0; path = DSLViewMessage.app; sourceTree = BUILT_PRODUCTS_DIR; };
		DD3EAC961D36952F00632982 /* main.m */ = {isa = PBXFileReference; lastKnownFileType = sourcecode.c.objc; path = main.m; sourceTree = "<group>"; };
		DD3EAC981D36952F00632982 /* AppDelegate.h */ = {isa = PBXFileReference; lastKnownFileType = sourcecode.c.h; path = AppDelegate.h; sourceTree = "<group>"; };
		DD3EAC991D36952F00632982 /* AppDelegate.m */ = {isa = PBXFileReference; lastKnownFileType = sourcecode.c.objc; path = AppDelegate.m; sourceTree = "<group>"; };
		DD3EAC9B1D36952F00632982 /* ViewController.h */ = {isa = PBXFileReference; lastKnownFileType = sourcecode.c.h; path = ViewController.h; sourceTree = "<group>"; };
		DD3EAC9C1D36952F00632982 /* ViewController.m */ = {isa = PBXFileReference; lastKnownFileType = sourcecode.c.objc; path = ViewController.m; sourceTree = "<group>"; };
		DD3EAC9F1D36952F00632982 /* Base */ = {isa = PBXFileReference; lastKnownFileType = file.storyboard; name = Base; path = Base.lproj/Main.storyboard; sourceTree = "<group>"; };
		DD3EACA11D36952F00632982 /* Assets.xcassets */ = {isa = PBXFileReference; lastKnownFileType = folder.assetcatalog; path = Assets.xcassets; sourceTree = "<group>"; };
		DD3EACA41D36952F00632982 /* Base */ = {isa = PBXFileReference; lastKnownFileType = file.storyboard; name = Base; path = Base.lproj/LaunchScreen.storyboard; sourceTree = "<group>"; };
		DD3EACA61D36952F00632982 /* Info.plist */ = {isa = PBXFileReference; lastKnownFileType = text.plist.xml; path = Info.plist; sourceTree = "<group>"; };
		DD3EACAB1D36952F00632982 /* DSLViewMessageTests.xctest */ = {isa = PBXFileReference; explicitFileType = wrapper.cfbundle; includeInIndex = 0; path = DSLViewMessageTests.xctest; sourceTree = BUILT_PRODUCTS_DIR; };
		DD3EACAF1D36952F00632982 /* DSLViewMessageTests.m */ = {isa = PBXFileReference; lastKnownFileType = sourcecode.c.objc; path = DSLViewMessageTests.m; sourceTree = "<group>"; };
		DD3EACB11D36952F00632982 /* Info.plist */ = {isa = PBXFileReference; lastKnownFileType = text.plist.xml; path = Info.plist; sourceTree = "<group>"; };
		DD3EACB61D36952F00632982 /* DSLViewMessageUITests.xctest */ = {isa = PBXFileReference; explicitFileType = wrapper.cfbundle; includeInIndex = 0; path = DSLViewMessageUITests.xctest; sourceTree = BUILT_PRODUCTS_DIR; };
		DD3EACBA1D36952F00632982 /* DSLViewMessageUITests.m */ = {isa = PBXFileReference; lastKnownFileType = sourcecode.c.objc; path = DSLViewMessageUITests.m; sourceTree = "<group>"; };
		DD3EACBC1D36952F00632982 /* Info.plist */ = {isa = PBXFileReference; lastKnownFileType = text.plist.xml; path = Info.plist; sourceTree = "<group>"; };
		DD3EACC91D36959200632982 /* UIView+DSLMessage.h */ = {isa = PBXFileReference; fileEncoding = 4; lastKnownFileType = sourcecode.c.h; path = "UIView+DSLMessage.h"; sourceTree = "<group>"; };
		DD3EACCA1D36959200632982 /* UIView+DSLMessage.m */ = {isa = PBXFileReference; fileEncoding = 4; lastKnownFileType = sourcecode.c.objc; path = "UIView+DSLMessage.m"; sourceTree = "<group>"; };
/* End PBXFileReference section */

/* Begin PBXFrameworksBuildPhase section */
		DD3EAC8F1D36952F00632982 /* Frameworks */ = {
			isa = PBXFrameworksBuildPhase;
			buildActionMask = 2147483647;
			files = (
			);
			runOnlyForDeploymentPostprocessing = 0;
		};
		DD3EACA81D36952F00632982 /* Frameworks */ = {
			isa = PBXFrameworksBuildPhase;
			buildActionMask = 2147483647;
			files = (
			);
			runOnlyForDeploymentPostprocessing = 0;
		};
		DD3EACB31D36952F00632982 /* Frameworks */ = {
			isa = PBXFrameworksBuildPhase;
			buildActionMask = 2147483647;
			files = (
			);
			runOnlyForDeploymentPostprocessing = 0;
		};
/* End PBXFrameworksBuildPhase section */

/* Begin PBXGroup section */
		DD3EAC891D36952F00632982 = {
			isa = PBXGroup;
			children = (
				DD3EAC941D36952F00632982 /* DSLViewMessage */,
				DD3EACAE1D36952F00632982 /* DSLViewMessageTests */,
				DD3EACB91D36952F00632982 /* DSLViewMessageUITests */,
				DD3EAC931D36952F00632982 /* Products */,
			);
			sourceTree = "<group>";
		};
		DD3EAC931D36952F00632982 /* Products */ = {
			isa = PBXGroup;
			children = (
				DD3EAC921D36952F00632982 /* DSLViewMessage.app */,
				DD3EACAB1D36952F00632982 /* DSLViewMessageTests.xctest */,
				DD3EACB61D36952F00632982 /* DSLViewMessageUITests.xctest */,
			);
			name = Products;
			sourceTree = "<group>";
		};
		DD3EAC941D36952F00632982 /* DSLViewMessage */ = {
			isa = PBXGroup;
			children = (
				DD3EACC81D36957B00632982 /* DSLViewMessage */,
				DD3EAC981D36952F00632982 /* AppDelegate.h */,
				DD3EAC991D36952F00632982 /* AppDelegate.m */,
				DD3EAC9B1D36952F00632982 /* ViewController.h */,
				DD3EAC9C1D36952F00632982 /* ViewController.m */,
				DD3EAC9E1D36952F00632982 /* Main.storyboard */,
				D622EA731D3789D4002EDA78 /* error@2x.png */,
				DD3EACA11D36952F00632982 /* Assets.xcassets */,
				DD3EACA31D36952F00632982 /* LaunchScreen.storyboard */,
				DD3EACA61D36952F00632982 /* Info.plist */,
				DD3EAC951D36952F00632982 /* Supporting Files */,
			);
			path = DSLViewMessage;
			sourceTree = "<group>";
		};
		DD3EAC951D36952F00632982 /* Supporting Files */ = {
			isa = PBXGroup;
			children = (
				DD3EAC961D36952F00632982 /* main.m */,
			);
			name = "Supporting Files";
			sourceTree = "<group>";
		};
		DD3EACAE1D36952F00632982 /* DSLViewMessageTests */ = {
			isa = PBXGroup;
			children = (
				DD3EACAF1D36952F00632982 /* DSLViewMessageTests.m */,
				DD3EACB11D36952F00632982 /* Info.plist */,
			);
			path = DSLViewMessageTests;
			sourceTree = "<group>";
		};
		DD3EACB91D36952F00632982 /* DSLViewMessageUITests */ = {
			isa = PBXGroup;
			children = (
				DD3EACBA1D36952F00632982 /* DSLViewMessageUITests.m */,
				DD3EACBC1D36952F00632982 /* Info.plist */,
			);
			path = DSLViewMessageUITests;
			sourceTree = "<group>";
		};
		DD3EACC81D36957B00632982 /* DSLViewMessage */ = {
			isa = PBXGroup;
			children = (
				DD3EACC91D36959200632982 /* UIView+DSLMessage.h */,
				DD3EACCA1D36959200632982 /* UIView+DSLMessage.m */,
				DD1176971D39F2C3009EC045 /* DSLIndicator.h */,
				DD1176981D39F2C3009EC045 /* DSLIndicator.m */,
				D63A0A8F1D52E698000F78E6 /* DSLViewMessageManager.h */,
				D63A0A901D52E698000F78E6 /* DSLViewMessageManager.m */,
			);
			path = DSLViewMessage;
			sourceTree = "<group>";
		};
/* End PBXGroup section */

/* Begin PBXNativeTarget section */
		DD3EAC911D36952F00632982 /* DSLViewMessage */ = {
			isa = PBXNativeTarget;
			buildConfigurationList = DD3EACBF1D36952F00632982 /* Build configuration list for PBXNativeTarget "DSLViewMessage" */;
			buildPhases = (
				DD3EAC8E1D36952F00632982 /* Sources */,
				DD3EAC8F1D36952F00632982 /* Frameworks */,
				DD3EAC901D36952F00632982 /* Resources */,
			);
			buildRules = (
			);
			dependencies = (
			);
			name = DSLViewMessage;
			productName = DSLViewMessage;
			productReference = DD3EAC921D36952F00632982 /* DSLViewMessage.app */;
			productType = "com.apple.product-type.application";
		};
		DD3EACAA1D36952F00632982 /* DSLViewMessageTests */ = {
			isa = PBXNativeTarget;
			buildConfigurationList = DD3EACC21D36952F00632982 /* Build configuration list for PBXNativeTarget "DSLViewMessageTests" */;
			buildPhases = (
				DD3EACA71D36952F00632982 /* Sources */,
				DD3EACA81D36952F00632982 /* Frameworks */,
				DD3EACA91D36952F00632982 /* Resources */,
			);
			buildRules = (
			);
			dependencies = (
				DD3EACAD1D36952F00632982 /* PBXTargetDependency */,
			);
			name = DSLViewMessageTests;
			productName = DSLViewMessageTests;
			productReference = DD3EACAB1D36952F00632982 /* DSLViewMessageTests.xctest */;
			productType = "com.apple.product-type.bundle.unit-test";
		};
		DD3EACB51D36952F00632982 /* DSLViewMessageUITests */ = {
			isa = PBXNativeTarget;
			buildConfigurationList = DD3EACC51D36952F00632982 /* Build configuration list for PBXNativeTarget "DSLViewMessageUITests" */;
			buildPhases = (
				DD3EACB21D36952F00632982 /* Sources */,
				DD3EACB31D36952F00632982 /* Frameworks */,
				DD3EACB41D36952F00632982 /* Resources */,
			);
			buildRules = (
			);
			dependencies = (
				DD3EACB81D36952F00632982 /* PBXTargetDependency */,
			);
			name = DSLViewMessageUITests;
			productName = DSLViewMessageUITests;
			productReference = DD3EACB61D36952F00632982 /* DSLViewMessageUITests.xctest */;
			productType = "com.apple.product-type.bundle.ui-testing";
		};
/* End PBXNativeTarget section */

/* Begin PBXProject section */
		DD3EAC8A1D36952F00632982 /* Project object */ = {
			isa = PBXProject;
			attributes = {
				LastUpgradeCheck = 0730;
				ORGANIZATIONNAME = "邓顺来";
				TargetAttributes = {
					DD3EAC911D36952F00632982 = {
						CreatedOnToolsVersion = 7.3.1;
						DevelopmentTeam = QTRV8G9WAU;
					};
					DD3EACAA1D36952F00632982 = {
						CreatedOnToolsVersion = 7.3.1;
						TestTargetID = DD3EAC911D36952F00632982;
					};
					DD3EACB51D36952F00632982 = {
						CreatedOnToolsVersion = 7.3.1;
						TestTargetID = DD3EAC911D36952F00632982;
					};
				};
			};
			buildConfigurationList = DD3EAC8D1D36952F00632982 /* Build configuration list for PBXProject "DSLViewMessage" */;
			compatibilityVersion = "Xcode 3.2";
			developmentRegion = English;
			hasScannedForEncodings = 0;
			knownRegions = (
				en,
				Base,
			);
			mainGroup = DD3EAC891D36952F00632982;
			productRefGroup = DD3EAC931D36952F00632982 /* Products */;
			projectDirPath = "";
			projectRoot = "";
			targets = (
				DD3EAC911D36952F00632982 /* DSLViewMessage */,
				DD3EACAA1D36952F00632982 /* DSLViewMessageTests */,
				DD3EACB51D36952F00632982 /* DSLViewMessageUITests */,
			);
		};
/* End PBXProject section */

/* Begin PBXResourcesBuildPhase section */
		DD3EAC901D36952F00632982 /* Resources */ = {
			isa = PBXResourcesBuildPhase;
			buildActionMask = 2147483647;
			files = (
				DD3EACA51D36952F00632982 /* LaunchScreen.storyboard in Resources */,
				D622EA741D3789D4002EDA78 /* error@2x.png in Resources */,
				DD3EACA21D36952F00632982 /* Assets.xcassets in Resources */,
				DD3EACA01D36952F00632982 /* Main.storyboard in Resources */,
			);
			runOnlyForDeploymentPostprocessing = 0;
		};
		DD3EACA91D36952F00632982 /* Resources */ = {
			isa = PBXResourcesBuildPhase;
			buildActionMask = 2147483647;
			files = (
			);
			runOnlyForDeploymentPostprocessing = 0;
		};
		DD3EACB41D36952F00632982 /* Resources */ = {
			isa = PBXResourcesBuildPhase;
			buildActionMask = 2147483647;
			files = (
			);
			runOnlyForDeploymentPostprocessing = 0;
		};
/* End PBXResourcesBuildPhase section */

/* Begin PBXSourcesBuildPhase section */
		DD3EAC8E1D36952F00632982 /* Sources */ = {
			isa = PBXSourcesBuildPhase;
			buildActionMask = 2147483647;
			files = (
				D63A0A911D52E698000F78E6 /* DSLViewMessageManager.m in Sources */,
				DD3EAC9D1D36952F00632982 /* ViewController.m in Sources */,
				DD3EAC9A1D36952F00632982 /* AppDelegate.m in Sources */,
				DD1176991D39F2C3009EC045 /* DSLIndicator.m in Sources */,
				DD3EACCB1D36959200632982 /* UIView+DSLMessage.m in Sources */,
				DD3EAC971D36952F00632982 /* main.m in Sources */,
			);
			runOnlyForDeploymentPostprocessing = 0;
		};
		DD3EACA71D36952F00632982 /* Sources */ = {
			isa = PBXSourcesBuildPhase;
			buildActionMask = 2147483647;
			files = (
				DD3EACB01D36952F00632982 /* DSLViewMessageTests.m in Sources */,
			);
			runOnlyForDeploymentPostprocessing = 0;
		};
		DD3EACB21D36952F00632982 /* Sources */ = {
			isa = PBXSourcesBuildPhase;
			buildActionMask = 2147483647;
			files = (
				DD3EACBB1D36952F00632982 /* DSLViewMessageUITests.m in Sources */,
			);
			runOnlyForDeploymentPostprocessing = 0;
		};
/* End PBXSourcesBuildPhase section */

/* Begin PBXTargetDependency section */
		DD3EACAD1D36952F00632982 /* PBXTargetDependency */ = {
			isa = PBXTargetDependency;
			target = DD3EAC911D36952F00632982 /* DSLViewMessage */;
			targetProxy = DD3EACAC1D36952F00632982 /* PBXContainerItemProxy */;
		};
		DD3EACB81D36952F00632982 /* PBXTargetDependency */ = {
			isa = PBXTargetDependency;
			target = DD3EAC911D36952F00632982 /* DSLViewMessage */;
			targetProxy = DD3EACB71D36952F00632982 /* PBXContainerItemProxy */;
		};
/* End PBXTargetDependency section */

/* Begin PBXVariantGroup section */
		DD3EAC9E1D36952F00632982 /* Main.storyboard */ = {
			isa = PBXVariantGroup;
			children = (
				DD3EAC9F1D36952F00632982 /* Base */,
			);
			name = Main.storyboard;
			sourceTree = "<group>";
		};
		DD3EACA31D36952F00632982 /* LaunchScreen.storyboard */ = {
			isa = PBXVariantGroup;
			children = (
				DD3EACA41D36952F00632982 /* Base */,
			);
			name = LaunchScreen.storyboard;
			sourceTree = "<group>";
		};
/* End PBXVariantGroup section */

/* Begin XCBuildConfiguration section */
		DD3EACBD1D36952F00632982 /* Debug */ = {
			isa = XCBuildConfiguration;
			buildSettings = {
				ALWAYS_SEARCH_USER_PATHS = NO;
				CLANG_ANALYZER_NONNULL = YES;
				CLANG_CXX_LANGUAGE_STANDARD = "gnu++0x";
				CLANG_CXX_LIBRARY = "libc++";
				CLANG_ENABLE_MODULES = YES;
				CLANG_ENABLE_OBJC_ARC = YES;
				CLANG_WARN_BOOL_CONVERSION = YES;
				CLANG_WARN_CONSTANT_CONVERSION = YES;
				CLANG_WARN_DIRECT_OBJC_ISA_USAGE = YES_ERROR;
				CLANG_WARN_EMPTY_BODY = YES;
				CLANG_WARN_ENUM_CONVERSION = YES;
				CLANG_WARN_INT_CONVERSION = YES;
				CLANG_WARN_OBJC_ROOT_CLASS = YES_ERROR;
				CLANG_WARN_UNREACHABLE_CODE = YES;
				CLANG_WARN__DUPLICATE_METHOD_MATCH = YES;
				"CODE_SIGN_IDENTITY[sdk=iphoneos*]" = "iPhone Developer";
				COPY_PHASE_STRIP = NO;
				DEBUG_INFORMATION_FORMAT = dwarf;
				ENABLE_STRICT_OBJC_MSGSEND = YES;
				ENABLE_TESTABILITY = YES;
				GCC_C_LANGUAGE_STANDARD = gnu99;
				GCC_DYNAMIC_NO_PIC = NO;
				GCC_NO_COMMON_BLOCKS = YES;
				GCC_OPTIMIZATION_LEVEL = 0;
				GCC_PREPROCESSOR_DEFINITIONS = (
					"DEBUG=1",
					"$(inherited)",
				);
				GCC_WARN_64_TO_32_BIT_CONVERSION = YES;
				GCC_WARN_ABOUT_RETURN_TYPE = YES_ERROR;
				GCC_WARN_UNDECLARED_SELECTOR = YES;
				GCC_WARN_UNINITIALIZED_AUTOS = YES_AGGRESSIVE;
				GCC_WARN_UNUSED_FUNCTION = YES;
				GCC_WARN_UNUSED_VARIABLE = YES;
				IPHONEOS_DEPLOYMENT_TARGET = 9.3;
				MTL_ENABLE_DEBUG_INFO = YES;
				ONLY_ACTIVE_ARCH = YES;
				SDKROOT = iphoneos;
				TARGETED_DEVICE_FAMILY = "1,2";
			};
			name = Debug;
		};
		DD3EACBE1D36952F00632982 /* Release */ = {
			isa = XCBuildConfiguration;
			buildSettings = {
				ALWAYS_SEARCH_USER_PATHS = NO;
				CLANG_ANALYZER_NONNULL = YES;
				CLANG_CXX_LANGUAGE_STANDARD = "gnu++0x";
				CLANG_CXX_LIBRARY = "libc++";
				CLANG_ENABLE_MODULES = YES;
				CLANG_ENABLE_OBJC_ARC = YES;
				CLANG_WARN_BOOL_CONVERSION = YES;
				CLANG_WARN_CONSTANT_CONVERSION = YES;
				CLANG_WARN_DIRECT_OBJC_ISA_USAGE = YES_ERROR;
				CLANG_WARN_EMPTY_BODY = YES;
				CLANG_WARN_ENUM_CONVERSION = YES;
				CLANG_WARN_INT_CONVERSION = YES;
				CLANG_WARN_OBJC_ROOT_CLASS = YES_ERROR;
				CLANG_WARN_UNREACHABLE_CODE = YES;
				CLANG_WARN__DUPLICATE_METHOD_MATCH = YES;
				"CODE_SIGN_IDENTITY[sdk=iphoneos*]" = "iPhone Developer";
				COPY_PHASE_STRIP = NO;
				DEBUG_INFORMATION_FORMAT = "dwarf-with-dsym";
				ENABLE_NS_ASSERTIONS = NO;
				ENABLE_STRICT_OBJC_MSGSEND = YES;
				GCC_C_LANGUAGE_STANDARD = gnu99;
				GCC_NO_COMMON_BLOCKS = YES;
				GCC_WARN_64_TO_32_BIT_CONVERSION = YES;
				GCC_WARN_ABOUT_RETURN_TYPE = YES_ERROR;
				GCC_WARN_UNDECLARED_SELECTOR = YES;
				GCC_WARN_UNINITIALIZED_AUTOS = YES_AGGRESSIVE;
				GCC_WARN_UNUSED_FUNCTION = YES;
				GCC_WARN_UNUSED_VARIABLE = YES;
				IPHONEOS_DEPLOYMENT_TARGET = 9.3;
				MTL_ENABLE_DEBUG_INFO = NO;
				SDKROOT = iphoneos;
				TARGETED_DEVICE_FAMILY = "1,2";
				VALIDATE_PRODUCT = YES;
			};
			name = Release;
		};
		DD3EACC01D36952F00632982 /* Debug */ = {
			isa = XCBuildConfiguration;
			buildSettings = {
				ASSETCATALOG_COMPILER_APPICON_NAME = AppIcon;
				CODE_SIGN_IDENTITY = "iPhone Developer";
				DEVELOPMENT_TEAM = QTRV8G9WAU;
				INFOPLIST_FILE = DSLViewMessage/Info.plist;
				IPHONEOS_DEPLOYMENT_TARGET = 8.0;
				LD_RUNPATH_SEARCH_PATHS = "$(inherited) @executable_path/Frameworks";
				PRODUCT_BUNDLE_IDENTIFIER = com.dsl.DSLViewMessage;
				PRODUCT_NAME = "$(TARGET_NAME)";
			};
			name = Debug;
		};
		DD3EACC11D36952F00632982 /* Release */ = {
			isa = XCBuildConfiguration;
			buildSettings = {
				ASSETCATALOG_COMPILER_APPICON_NAME = AppIcon;
				CODE_SIGN_IDENTITY = "iPhone Developer";
				DEVELOPMENT_TEAM = QTRV8G9WAU;
				INFOPLIST_FILE = DSLViewMessage/Info.plist;
				IPHONEOS_DEPLOYMENT_TARGET = 8.0;
				LD_RUNPATH_SEARCH_PATHS = "$(inherited) @executable_path/Frameworks";
				PRODUCT_BUNDLE_IDENTIFIER = com.dsl.DSLViewMessage;
				PRODUCT_NAME = "$(TARGET_NAME)";
			};
			name = Release;
		};
		DD3EACC31D36952F00632982 /* Debug */ = {
			isa = XCBuildConfiguration;
			buildSettings = {
				BUNDLE_LOADER = "$(TEST_HOST)";
				INFOPLIST_FILE = DSLViewMessageTests/Info.plist;
				LD_RUNPATH_SEARCH_PATHS = "$(inherited) @executable_path/Frameworks @loader_path/Frameworks";
				PRODUCT_BUNDLE_IDENTIFIER = com.dsl.DSLViewMessageTests;
				PRODUCT_NAME = "$(TARGET_NAME)";
				TEST_HOST = "$(BUILT_PRODUCTS_DIR)/DSLViewMessage.app/DSLViewMessage";
			};
			name = Debug;
		};
		DD3EACC41D36952F00632982 /* Release */ = {
			isa = XCBuildConfiguration;
			buildSettings = {
				BUNDLE_LOADER = "$(TEST_HOST)";
				INFOPLIST_FILE = DSLViewMessageTests/Info.plist;
				LD_RUNPATH_SEARCH_PATHS = "$(inherited) @executable_path/Frameworks @loader_path/Frameworks";
				PRODUCT_BUNDLE_IDENTIFIER = com.dsl.DSLViewMessageTests;
				PRODUCT_NAME = "$(TARGET_NAME)";
				TEST_HOST = "$(BUILT_PRODUCTS_DIR)/DSLViewMessage.app/DSLViewMessage";
			};
			name = Release;
		};
		DD3EACC61D36952F00632982 /* Debug */ = {
			isa = XCBuildConfiguration;
			buildSettings = {
				INFOPLIST_FILE = DSLViewMessageUITests/Info.plist;
				LD_RUNPATH_SEARCH_PATHS = "$(inherited) @executable_path/Frameworks @loader_path/Frameworks";
				PRODUCT_BUNDLE_IDENTIFIER = com.dsl.DSLViewMessageUITests;
				PRODUCT_NAME = "$(TARGET_NAME)";
				TEST_TARGET_NAME = DSLViewMessage;
			};
			name = Debug;
		};
		DD3EACC71D36952F00632982 /* Release */ = {
			isa = XCBuildConfiguration;
			buildSettings = {
				INFOPLIST_FILE = DSLViewMessageUITests/Info.plist;
				LD_RUNPATH_SEARCH_PATHS = "$(inherited) @executable_path/Frameworks @loader_path/Frameworks";
				PRODUCT_BUNDLE_IDENTIFIER = com.dsl.DSLViewMessageUITests;
				PRODUCT_NAME = "$(TARGET_NAME)";
				TEST_TARGET_NAME = DSLViewMessage;
			};
			name = Release;
		};
/* End XCBuildConfiguration section */

/* Begin XCConfigurationList section */
		DD3EAC8D1D36952F00632982 /* Build configuration list for PBXProject "DSLViewMessage" */ = {
			isa = XCConfigurationList;
			buildConfigurations = (
				DD3EACBD1D36952F00632982 /* Debug */,
				DD3EACBE1D36952F00632982 /* Release */,
			);
			defaultConfigurationIsVisible = 0;
			defaultConfigurationName = Release;
		};
		DD3EACBF1D36952F00632982 /* Build configuration list for PBXNativeTarget "DSLViewMessage" */ = {
			isa = XCConfigurationList;
			buildConfigurations = (
				DD3EACC01D36952F00632982 /* Debug */,
				DD3EACC11D36952F00632982 /* Release */,
			);
			defaultConfigurationIsVisible = 0;
			defaultConfigurationName = Release;
		};
		DD3EACC21D36952F00632982 /* Build configuration list for PBXNativeTarget "DSLViewMessageTests" */ = {
			isa = XCConfigurationList;
			buildConfigurations = (
				DD3EACC31D36952F00632982 /* Debug */,
				DD3EACC41D36952F00632982 /* Release */,
			);
			defaultConfigurationIsVisible = 0;
			defaultConfigurationName = Release;
		};
		DD3EACC51D36952F00632982 /* Build configuration list for PBXNativeTarget "DSLViewMessageUITests" */ = {
			isa = XCConfigurationList;
			buildConfigurations = (
				DD3EACC61D36952F00632982 /* Debug */,
				DD3EACC71D36952F00632982 /* Release */,
			);
			defaultConfigurationIsVisible = 0;
			defaultConfigurationName = Release;
		};
/* End XCConfigurationList section */
	};
	rootObject = DD3EAC8A1D36952F00632982 /* Project object */;
}
